
Microsoft Visual Studio Solution File, Format Version 12.00
# Visual Studio Version 17
VisualStudioVersion = 17.0.31903.59
MinimumVisualStudioVersion = 10.0.40219.1
Project("{FAE04EC0-301F-11D3-BF4B-00C04F79EFBC}") = "DojoCode4", "DojoCode4\DojoCode4.csproj", "{F15CB396-E34D-42E4-8AB3-E92A3F8A790E}"
EndProject
Project("{FAE04EC0-301F-11D3-BF4B-00C04F79EFBC}") = "DojoCodeApp4", "DojoCodeApp4\DojoCodeApp4.csproj", "{2E58CD14-A29A-435A-9D3E-C579F8099134}"
EndProject
Global
	GlobalSection(SolutionConfigurationPlatforms) = preSolution
		Debug|Any CPU = Debug|Any CPU
		Release|Any CPU = Release|Any CPU
	EndGlobalSection
	GlobalSection(ProjectConfigurationPlatforms) = postSolution
		{F15CB396-E34D-42E4-8AB3-E92A3F8A790E}.Debug|Any CPU.ActiveCfg = Debug|Any CPU
		{F15CB396-E34D-42E4-8AB3-E92A3F8A790E}.Debug|Any CPU.Build.0 = Debug|Any CPU
		{F15CB396-E34D-42E4-8AB3-E92A3F8A790E}.Release|Any CPU.ActiveCfg = Release|Any CPU
		{F15CB396-E34D-42E4-8AB3-E92A3F8A790E}.Release|Any CPU.Build.0 = Release|Any CPU
		{2E58CD14-A29A-435A-9D3E-C579F8099134}.Debug|Any CPU.ActiveCfg = Debug|Any CPU
		{2E58CD14-A29A-435A-9D3E-C579F8099134}.Debug|Any CPU.Build.0 = Debug|Any CPU
		{2E58CD14-A29A-435A-9D3E-C579F8099134}.Release|Any CPU.ActiveCfg = Release|Any CPU
		{2E58CD14-A29A-435A-9D3E-C579F8099134}.Release|Any CPU.Build.0 = Release|Any CPU
	EndGlobalSection
	GlobalSection(SolutionProperties) = preSolution
		HideSolutionNode = FALSE
	EndGlobalSection
	GlobalSection(ExtensibilityGlobals) = postSolution
		SolutionGuid = {10D08291-37A0-44DC-9DC5-87B5C1C46597}
	EndGlobalSection
EndGlobal
